{
  "requires": true,
  "lockfileVersion": 1,
  "dependencies": {
    "@types/clone": {
      "version": "0.1.30",
      "resolved": "https://registry.npmjs.org/@types/clone/-/clone-0.1.30.tgz",
      "integrity": "sha1-5zZWSMG0ITalnH1QQGN7O1yDthQ="
    },
    "@types/fast-json-stable-stringify": {
      "version": "2.0.0",
      "resolved": "https://registry.npmjs.org/@types/fast-json-stable-stringify/-/fast-json-stable-stringify-2.0.0.tgz",
      "integrity": "sha512-mky/O83TXmGY39P1H9YbUpjV6l6voRYlufqfFCvel8l1phuy8HRjdWc1rrPuN53ITBJlbyMSV6z3niOySO5pgQ=="
    },
    "ansi-regex": {
      "version": "4.1.0",
      "resolved": "https://registry.npmjs.org/ansi-regex/-/ansi-regex-4.1.0.tgz",
      "integrity": "sha512-1apePfXM1UOSqw0o9IiFAovVz9M5S1Dg+4TrDwfMewQ6p/rmMueb7tWZjQ1rx4Loy1ArBggoqGpfqqdI4rondg=="
    },
    "ansi-styles": {
      "version": "3.2.1",
      "resolved": "https://registry.npmjs.org/ansi-styles/-/ansi-styles-3.2.1.tgz",
      "integrity": "sha512-VT0ZI6kZRdTh8YyJw3SMbYm/u+NqfsAxEpWO0Pf9sq8/e94WxxOpPKx9FR1FlyCtOVDNOQ+8ntlqFxiRc+r5qA==",
      "requires": {
        "color-convert": "^1.9.0"
      }
    },
    "asap": {
      "version": "2.0.6",
      "resolved": "https://registry.npmjs.org/asap/-/asap-2.0.6.tgz",
      "integrity": "sha1-5QNHYR1+aQlDIIu9r+vLwvuGbUY="
    },
    "base64-js": {
      "version": "1.3.1",
      "resolved": "https://registry.npmjs.org/base64-js/-/base64-js-1.3.1.tgz",
      "integrity": "sha512-mLQ4i2QO1ytvGWFWmcngKO//JXAQueZvwEKtjgQFM4jIK0kU+ytMfplL8j+n5mspOfjHwoAg+9yhb7BwAHm36g=="
    },
    "buffer": {
      "version": "5.6.0",
      "resolved": "https://registry.npmjs.org/buffer/-/buffer-5.6.0.tgz",
      "integrity": "sha512-/gDYp/UtU0eA1ys8bOs9J6a+E/KWIY+DZ+Q2WESNUA0jFRsJOc0SNUO6xJ5SGA1xueg3NL65W6s+NY5l9cunuw==",
      "requires": {
        "base64-js": "^1.0.2",
        "ieee754": "^1.1.4"
      }
    },
    "camelcase": {
      "version": "5.3.1",
      "resolved": "https://registry.npmjs.org/camelcase/-/camelcase-5.3.1.tgz",
      "integrity": "sha512-L28STB170nwWS63UjtlEOE3dldQApaJXZkOI1uMFfzf3rRuPegHaHesyee+YxQ+W6SvRDQV6UrdOdRiR153wJg=="
    },
    "cliui": {
      "version": "5.0.0",
      "resolved": "https://registry.npmjs.org/cliui/-/cliui-5.0.0.tgz",
      "integrity": "sha512-PYeGSEmmHM6zvoef2w8TPzlrnNpXIjTipYK780YswmIP9vjxmd6Y2a3CB2Ks6/AU8NHjZugXvo8w3oWM2qnwXA==",
      "requires": {
        "string-width": "^3.1.0",
        "strip-ansi": "^5.2.0",
        "wrap-ansi": "^5.1.0"
      }
    },
    "clone": {
      "version": "2.1.2",
      "resolved": "https://registry.npmjs.org/clone/-/clone-2.1.2.tgz",
      "integrity": "sha1-G39Ln1kfHo+DZwQBYANFoCiHQ18="
    },
    "color-convert": {
      "version": "1.9.3",
      "resolved": "https://registry.npmjs.org/color-convert/-/color-convert-1.9.3.tgz",
      "integrity": "sha512-QfAUtd+vFdAtFQcC8CCyYt1fYWxSqAiK2cSD6zDB8N3cpsEBAvRxp9zOGg6G/SHHJYAT88/az/IuDGALsNVbGg==",
      "requires": {
        "color-name": "1.1.3"
      }
    },
    "color-name": {
      "version": "1.1.3",
      "resolved": "https://registry.npmjs.org/color-name/-/color-name-1.1.3.tgz",
      "integrity": "sha1-p9BVi9icQveV3UIyj3QIMcpTvCU="
    },
    "commander": {
      "version": "2.20.3",
      "resolved": "https://registry.npmjs.org/commander/-/commander-2.20.3.tgz",
      "integrity": "sha512-GpVkmM8vF2vQUkj2LvZmD35JxeJOLCwJ9cUkugyk2nuhbv3+mJvpLYYt+0+USMxE+oj+ey/lJEnhZw75x/OMcQ=="
    },
    "core-js": {
      "version": "1.2.7",
      "resolved": "https://registry.npmjs.org/core-js/-/core-js-1.2.7.tgz",
      "integrity": "sha1-ZSKUwUZR2yj6k70tX/KYOk8IxjY="
    },
    "create-react-class": {
      "version": "15.6.3",
      "resolved": "https://registry.npmjs.org/create-react-class/-/create-react-class-15.6.3.tgz",
      "integrity": "sha512-M+/3Q6E6DLO6Yx3OwrWjwHBnvfXXYA7W+dFjt/ZDBemHO1DDZhsalX/NUtnTYclN6GfnBDRh4qRHjcDHmlJBJg==",
      "requires": {
        "fbjs": "^0.8.9",
        "loose-envify": "^1.3.1",
        "object-assign": "^4.1.1"
      }
    },
    "d3-array": {
      "version": "2.4.0",
      "resolved": "https://registry.npmjs.org/d3-array/-/d3-array-2.4.0.tgz",
      "integrity": "sha512-KQ41bAF2BMakf/HdKT865ALd4cgND6VcIztVQZUTt0+BH3RWy6ZYnHghVXf6NFjt2ritLr8H1T8LreAAlfiNcw=="
    },
    "d3-color": {
      "version": "1.4.1",
      "resolved": "https://registry.npmjs.org/d3-color/-/d3-color-1.4.1.tgz",
      "integrity": "sha512-p2sTHSLCJI2QKunbGb7ocOh7DgTAn8IrLx21QRc/BSnodXM4sv6aLQlnfpvehFMLZEfBc6g9pH9SWQccFYfJ9Q=="
    },
    "d3-delaunay": {
      "version": "5.3.0",
      "resolved": "https://registry.npmjs.org/d3-delaunay/-/d3-delaunay-5.3.0.tgz",
      "integrity": "sha512-amALSrOllWVLaHTnDLHwMIiz0d1bBu9gZXd1FiLfXf8sHcX9jrcj81TVZOqD4UX7MgBZZ07c8GxzEgBpJqc74w==",
      "requires": {
        "delaunator": "4"
      }
    },
    "d3-dispatch": {
      "version": "1.0.6",
      "resolved": "https://registry.npmjs.org/d3-dispatch/-/d3-dispatch-1.0.6.tgz",
      "integrity": "sha512-fVjoElzjhCEy+Hbn8KygnmMS7Or0a9sI2UzGwoB7cCtvI1XpVN9GpoYlnb3xt2YV66oXYb1fLJ8GMvP4hdU1RA=="
    },
    "d3-dsv": {
      "version": "1.2.0",
      "resolved": "https://registry.npmjs.org/d3-dsv/-/d3-dsv-1.2.0.tgz",
      "integrity": "sha512-9yVlqvZcSOMhCYzniHE7EVUws7Fa1zgw+/EAV2BxJoG3ME19V6BQFBwI855XQDsxyOuG7NibqRMTtiF/Qup46g==",
      "requires": {
        "commander": "2",
        "iconv-lite": "0.4",
        "rw": "1"
      },
      "dependencies": {
        "iconv-lite": {
          "version": "0.4.24",
          "resolved": "https://registry.npmjs.org/iconv-lite/-/iconv-lite-0.4.24.tgz",
          "integrity": "sha512-v3MXnZAcvnywkTUEZomIActle7RXXeedOR31wwl7VlyoXO4Qi9arvSenNQWne1TcRwhCL1HwLI21bEqdpj8/rA==",
          "requires": {
            "safer-buffer": ">= 2.1.2 < 3"
          }
        }
      }
    },
    "d3-force": {
      "version": "2.0.1",
      "resolved": "https://registry.npmjs.org/d3-force/-/d3-force-2.0.1.tgz",
      "integrity": "sha512-zh73/N6+MElRojiUG7vmn+3vltaKon7iD5vB/7r9nUaBeftXMzRo5IWEG63DLBCto4/8vr9i3m9lwr1OTJNiCg==",
      "requires": {
        "d3-dispatch": "1",
        "d3-quadtree": "1",
        "d3-timer": "1"
      }
    },
    "d3-format": {
      "version": "1.4.4",
      "resolved": "https://registry.npmjs.org/d3-format/-/d3-format-1.4.4.tgz",
      "integrity": "sha512-TWks25e7t8/cqctxCmxpUuzZN11QxIA7YrMbram94zMQ0PXjE4LVIMe/f6a4+xxL8HQ3OsAFULOINQi1pE62Aw=="
    },
    "d3-geo": {
      "version": "1.12.1",
      "resolved": "https://registry.npmjs.org/d3-geo/-/d3-geo-1.12.1.tgz",
      "integrity": "sha512-XG4d1c/UJSEX9NfU02KwBL6BYPj8YKHxgBEw5om2ZnTRSbIcego6dhHwcxuSR3clxh0EpE38os1DVPOmnYtTPg==",
      "requires": {
        "d3-array": "1"
      },
      "dependencies": {
        "d3-array": {
          "version": "1.2.4",
          "resolved": "https://registry.npmjs.org/d3-array/-/d3-array-1.2.4.tgz",
          "integrity": "sha512-KHW6M86R+FUPYGb3R5XiYjXPq7VzwxZ22buHhAEVG5ztoEcZZMLov530mmccaqA1GghZArjQV46fuc8kUqhhHw=="
        }
      }
    },
    "d3-geo-projection": {
      "version": "2.9.0",
      "resolved": "https://registry.npmjs.org/d3-geo-projection/-/d3-geo-projection-2.9.0.tgz",
      "integrity": "sha512-ZULvK/zBn87of5rWAfFMc9mJOipeSo57O+BBitsKIXmU4rTVAnX1kSsJkE0R+TxY8pGNoM1nbyRRE7GYHhdOEQ==",
      "requires": {
        "commander": "2",
        "d3-array": "1",
        "d3-geo": "^1.12.0",
        "resolve": "^1.1.10"
      },
      "dependencies": {
        "d3-array": {
          "version": "1.2.4",
          "resolved": "https://registry.npmjs.org/d3-array/-/d3-array-1.2.4.tgz",
          "integrity": "sha512-KHW6M86R+FUPYGb3R5XiYjXPq7VzwxZ22buHhAEVG5ztoEcZZMLov530mmccaqA1GghZArjQV46fuc8kUqhhHw=="
        }
      }
    },
    "d3-hierarchy": {
      "version": "1.1.9",
      "resolved": "https://registry.npmjs.org/d3-hierarchy/-/d3-hierarchy-1.1.9.tgz",
      "integrity": "sha512-j8tPxlqh1srJHAtxfvOUwKNYJkQuBFdM1+JAUfq6xqH5eAqf93L7oG1NVqDa4CpFZNvnNKtCYEUC8KY9yEn9lQ=="
    },
    "d3-interpolate": {
      "version": "1.4.0",
      "resolved": "https://registry.npmjs.org/d3-interpolate/-/d3-interpolate-1.4.0.tgz",
      "integrity": "sha512-V9znK0zc3jOPV4VD2zZn0sDhZU3WAE2bmlxdIwwQPPzPjvyLkd8B3JUVdS1IDUFDkWZ72c9qnv1GK2ZagTZ8EA==",
      "requires": {
        "d3-color": "1"
      }
    },
    "d3-path": {
      "version": "1.0.9",
      "resolved": "https://registry.npmjs.org/d3-path/-/d3-path-1.0.9.tgz",
      "integrity": "sha512-VLaYcn81dtHVTjEHd8B+pbe9yHWpXKZUC87PzoFmsFrJqgFwDe/qxfp5MlfsfM1V5E/iVt0MmEbWQ7FVIXh/bg=="
    },
    "d3-quadtree": {
      "version": "1.0.7",
      "resolved": "https://registry.npmjs.org/d3-quadtree/-/d3-quadtree-1.0.7.tgz",
      "integrity": "sha512-RKPAeXnkC59IDGD0Wu5mANy0Q2V28L+fNe65pOCXVdVuTJS3WPKaJlFHer32Rbh9gIo9qMuJXio8ra4+YmIymA=="
    },
    "d3-scale": {
      "version": "3.2.1",
      "resolved": "https://registry.npmjs.org/d3-scale/-/d3-scale-3.2.1.tgz",
      "integrity": "sha512-huz5byJO/6MPpz6Q8d4lg7GgSpTjIZW/l+1MQkzKfu2u8P6hjaXaStOpmyrD6ymKoW87d2QVFCKvSjLwjzx/rA==",
      "requires": {
        "d3-array": "1.2.0 - 2",
        "d3-format": "1",
        "d3-interpolate": "^1.2.0",
        "d3-time": "1",
        "d3-time-format": "2"
      }
    },
    "d3-selection": {
      "version": "1.4.1",
      "resolved": "https://registry.npmjs.org/d3-selection/-/d3-selection-1.4.1.tgz",
      "integrity": "sha512-BTIbRjv/m5rcVTfBs4AMBLKs4x8XaaLkwm28KWu9S2vKNqXkXt2AH2Qf0sdPZHjFxcWg/YL53zcqAz+3g4/7PA=="
    },
    "d3-shape": {
      "version": "1.3.7",
      "resolved": "https://registry.npmjs.org/d3-shape/-/d3-shape-1.3.7.tgz",
      "integrity": "sha512-EUkvKjqPFUAZyOlhY5gzCxCeI0Aep04LwIRpsZ/mLFelJiUfnK56jo5JMDSE7yyP2kLSb6LtF+S5chMk7uqPqw==",
      "requires": {
        "d3-path": "1"
      }
    },
    "d3-time": {
      "version": "1.1.0",
      "resolved": "https://registry.npmjs.org/d3-time/-/d3-time-1.1.0.tgz",
      "integrity": "sha512-Xh0isrZ5rPYYdqhAVk8VLnMEidhz5aP7htAADH6MfzgmmicPkTo8LhkLxci61/lCB7n7UmE3bN0leRt+qvkLxA=="
    },
    "d3-time-format": {
      "version": "2.2.3",
      "resolved": "https://registry.npmjs.org/d3-time-format/-/d3-time-format-2.2.3.tgz",
      "integrity": "sha512-RAHNnD8+XvC4Zc4d2A56Uw0yJoM7bsvOlJR33bclxq399Rak/b9bhvu/InjxdWhPtkgU53JJcleJTGkNRnN6IA==",
      "requires": {
        "d3-time": "1"
      }
    },
    "d3-timer": {
      "version": "1.0.10",
      "resolved": "https://registry.npmjs.org/d3-timer/-/d3-timer-1.0.10.tgz",
      "integrity": "sha512-B1JDm0XDaQC+uvo4DT79H0XmBskgS3l6Ve+1SBCfxgmtIb1AVrPIoqd+nPSv+loMX8szQ0sVUhGngL7D5QPiXw=="
    },
    "decamelize": {
      "version": "1.2.0",
      "resolved": "https://registry.npmjs.org/decamelize/-/decamelize-1.2.0.tgz",
      "integrity": "sha1-9lNNFRSCabIDUue+4m9QH5oZEpA="
    },
    "delaunator": {
      "version": "4.0.1",
      "resolved": "https://registry.npmjs.org/delaunator/-/delaunator-4.0.1.tgz",
      "integrity": "sha512-WNPWi1IRKZfCt/qIDMfERkDp93+iZEmOxN2yy4Jg+Xhv8SLk2UTqqbe1sfiipn0and9QrE914/ihdx82Y/Giag=="
    },
    "emoji-regex": {
      "version": "7.0.3",
      "resolved": "https://registry.npmjs.org/emoji-regex/-/emoji-regex-7.0.3.tgz",
      "integrity": "sha512-CwBLREIQ7LvYFB0WyRvwhq5N5qPhc6PMjD6bYggFlI5YyDgl+0vxq5VHbMOFqLg7hfWzmu8T5Z1QofhmTIhItA=="
    },
    "encoding": {
      "version": "0.1.13",
      "resolved": "https://registry.npmjs.org/encoding/-/encoding-0.1.13.tgz",
      "integrity": "sha512-ETBauow1T35Y/WZMkio9jiM0Z5xjHHmJ4XmjZOq1l/dXz3lr2sRn87nJy20RupqSh1F2m3HHPSp8ShIPQJrJ3A==",
      "requires": {
        "iconv-lite": "^0.6.2"
      }
    },
    "fast-deep-equal": {
      "version": "2.0.1",
      "resolved": "https://registry.npmjs.org/fast-deep-equal/-/fast-deep-equal-2.0.1.tgz",
      "integrity": "sha1-ewUhjd+WZ79/Nwv3/bLLFf3Qqkk="
    },
    "fast-json-stable-stringify": {
      "version": "2.0.0",
      "resolved": "https://registry.npmjs.org/fast-json-stable-stringify/-/fast-json-stable-stringify-2.0.0.tgz",
      "integrity": "sha1-1RQsDK7msRifh9OnYREGT4bIu/I="
    },
    "fbjs": {
      "version": "0.8.17",
      "resolved": "https://registry.npmjs.org/fbjs/-/fbjs-0.8.17.tgz",
      "integrity": "sha1-xNWY6taUkRJlPWWIsBpc3Nn5D90=",
      "requires": {
        "core-js": "^1.0.0",
        "isomorphic-fetch": "^2.1.1",
        "loose-envify": "^1.0.0",
        "object-assign": "^4.1.0",
        "promise": "^7.1.1",
        "setimmediate": "^1.0.5",
        "ua-parser-js": "^0.7.18"
      }
    },
    "find-up": {
      "version": "3.0.0",
      "resolved": "https://registry.npmjs.org/find-up/-/find-up-3.0.0.tgz",
      "integrity": "sha512-1yD6RmLI1XBfxugvORwlck6f75tYL+iR0jqwsOrOxMZyGYqUuDhJ0l4AXdO1iX/FTs9cBAMEk1gWSEx1kSbylg==",
      "requires": {
        "locate-path": "^3.0.0"
      }
    },
    "get-caller-file": {
      "version": "2.0.5",
      "resolved": "https://registry.npmjs.org/get-caller-file/-/get-caller-file-2.0.5.tgz",
      "integrity": "sha512-DyFP3BM/3YHTQOCUL/w0OZHR0lpKeGrxotcHWcqNEdnltqFwXVfhEBQ94eIo34AfQpo0rGki4cyIiftY06h2Fg=="
    },
    "highlight.js": {
      "version": "9.15.10",
      "resolved": "https://registry.npmjs.org/highlight.js/-/highlight.js-9.15.10.tgz",
      "integrity": "sha512-RoV7OkQm0T3os3Dd2VHLNMoaoDVx77Wygln3n9l5YV172XonWG6rgQD3XnF/BuFFZw9A0TJgmMSO8FEWQgvcXw=="
    },
    "iconv-lite": {
      "version": "0.6.2",
      "resolved": "https://registry.npmjs.org/iconv-lite/-/iconv-lite-0.6.2.tgz",
      "integrity": "sha512-2y91h5OpQlolefMPmUlivelittSWy0rP+oYVpn6A7GwVHNE8AWzoYOBNmlwks3LobaJxgHCYZAnyNo2GgpNRNQ==",
      "requires": {
        "safer-buffer": ">= 2.1.2 < 3.0.0"
      }
    },
    "ieee754": {
      "version": "1.1.13",
      "resolved": "https://registry.npmjs.org/ieee754/-/ieee754-1.1.13.tgz",
      "integrity": "sha512-4vf7I2LYV/HaWerSo3XmlMkp5eZ83i+/CDluXi/IGTs/O1sejBNhTtnxzmRZfvOUqj7lZjqHkeTvpgSFDlWZTg=="
    },
    "is-fullwidth-code-point": {
      "version": "2.0.0",
      "resolved": "https://registry.npmjs.org/is-fullwidth-code-point/-/is-fullwidth-code-point-2.0.0.tgz",
      "integrity": "sha1-o7MKXE8ZkYMWeqq5O+764937ZU8="
    },
    "is-stream": {
      "version": "1.1.0",
      "resolved": "https://registry.npmjs.org/is-stream/-/is-stream-1.1.0.tgz",
      "integrity": "sha1-EtSj3U5o4Lec6428hBc66A2RykQ="
    },
    "isomorphic-fetch": {
      "version": "2.2.1",
      "resolved": "https://registry.npmjs.org/isomorphic-fetch/-/isomorphic-fetch-2.2.1.tgz",
      "integrity": "sha1-YRrhrPFPXoH3KVB0coGf6XM1WKk=",
      "requires": {
        "node-fetch": "^1.0.1",
        "whatwg-fetch": ">=0.10.0"
      }
    },
    "js-tokens": {
      "version": "4.0.0",
      "resolved": "https://registry.npmjs.org/js-tokens/-/js-tokens-4.0.0.tgz",
      "integrity": "sha512-RdJUflcE3cUzKiMqQgsCu06FPu9UdIJO0beYbPhHN4k6apgJtifcoCtT9bcxOpYBtpD2kCM6Sbzg4CausW/PKQ=="
    },
    "json-stringify-pretty-compact": {
      "version": "2.0.0",
      "resolved": "https://registry.npmjs.org/json-stringify-pretty-compact/-/json-stringify-pretty-compact-2.0.0.tgz",
      "integrity": "sha512-WRitRfs6BGq4q8gTgOy4ek7iPFXjbra0H3PmDLKm2xnZ+Gh1HUhiKGgCZkSPNULlP7mvfu6FV/mOLhCarspADQ=="
    },
    "leaflet-vega": {
      "version": "0.8.6",
      "resolved": "https://registry.npmjs.org/leaflet-vega/-/leaflet-vega-0.8.6.tgz",
      "integrity": "sha1-3UCQphI8uYPCtzLVPsnk2qU3NrI=",
      "requires": {
        "vega-spec-injector": "^0.0.2"
      }
    },
    "locate-path": {
      "version": "3.0.0",
      "resolved": "https://registry.npmjs.org/locate-path/-/locate-path-3.0.0.tgz",
      "integrity": "sha512-7AO748wWnIhNqAuaty2ZWHkQHRSNfPVIsPIfwEOWO22AmaoVrWavlOcMR5nzTLNYvp36X220/maaRsrec1G65A==",
      "requires": {
        "p-locate": "^3.0.0",
        "path-exists": "^3.0.0"
      }
    },
    "loose-envify": {
      "version": "1.4.0",
      "resolved": "https://registry.npmjs.org/loose-envify/-/loose-envify-1.4.0.tgz",
      "integrity": "sha512-lyuxPGr/Wfhrlem2CL/UcnUc1zcqKAImBDzukY7Y5F/yQiNdko6+fRLevlw1HgMySw7f611UIY408EtxRSoK3Q==",
      "requires": {
        "js-tokens": "^3.0.0 || ^4.0.0"
      }
    },
    "node-fetch": {
      "version": "1.7.3",
      "resolved": "https://registry.npmjs.org/node-fetch/-/node-fetch-1.7.3.tgz",
      "integrity": "sha512-NhZ4CsKx7cYm2vSrBAr2PvFOe6sWDf0UYLRqA6svUYg7+/TSfVAu49jYC4BvQ4Sms9SZgdqGBgroqfDhJdTyKQ==",
      "requires": {
        "encoding": "^0.1.11",
        "is-stream": "^1.0.1"
      }
    },
    "object-assign": {
      "version": "4.1.1",
      "resolved": "https://registry.npmjs.org/object-assign/-/object-assign-4.1.1.tgz",
      "integrity": "sha1-IQmtx5ZYh8/AXLvUQsrIv7s2CGM="
    },
    "p-limit": {
      "version": "2.3.0",
      "resolved": "https://registry.npmjs.org/p-limit/-/p-limit-2.3.0.tgz",
      "integrity": "sha512-//88mFWSJx8lxCzwdAABTJL2MyWB12+eIY7MDL2SqLmAkeKU9qxRvWuSyTjm3FUmpBEMuFfckAIqEaVGUDxb6w==",
      "requires": {
        "p-try": "^2.0.0"
      }
    },
    "p-locate": {
      "version": "3.0.0",
      "resolved": "https://registry.npmjs.org/p-locate/-/p-locate-3.0.0.tgz",
      "integrity": "sha512-x+12w/To+4GFfgJhBEpiDcLozRJGegY+Ei7/z0tSLkMmxGZNybVMSfWj9aJn8Z5Fc7dBUNJOOVgPv2H7IwulSQ==",
      "requires": {
        "p-limit": "^2.0.0"
      }
    },
    "p-try": {
      "version": "2.2.0",
      "resolved": "https://registry.npmjs.org/p-try/-/p-try-2.2.0.tgz",
      "integrity": "sha512-R4nPAVTAU0B9D35/Gk3uJf/7XYbQcyohSKdvAxIRSNghFl4e71hVoGnBNQz9cWaXxO2I10KTC+3jMdvvoKw6dQ=="
    },
    "path-exists": {
      "version": "3.0.0",
      "resolved": "https://registry.npmjs.org/path-exists/-/path-exists-3.0.0.tgz",
      "integrity": "sha1-zg6+ql94yxiSXqfYENe1mwEP1RU="
    },
    "path-parse": {
      "version": "1.0.6",
      "resolved": "https://registry.npmjs.org/path-parse/-/path-parse-1.0.6.tgz",
      "integrity": "sha512-GSmOT2EbHrINBf9SR7CDELwlJ8AENk3Qn7OikK4nFYAu3Ote2+JYNVvkpAEQm3/TLNEJFD/xZJjzyxg3KBWOzw=="
    },
    "process": {
      "version": "0.11.10",
      "resolved": "https://registry.npmjs.org/process/-/process-0.11.10.tgz",
      "integrity": "sha1-czIwDoQBYb2j5podHZGn1LwW8YI="
    },
    "promise": {
      "version": "7.3.1",
      "resolved": "https://registry.npmjs.org/promise/-/promise-7.3.1.tgz",
      "integrity": "sha512-nolQXZ/4L+bP/UGlkfaIujX9BKxGwmQ9OT4mOt5yvy8iK1h3wqTEJCijzGANTCCl9nWjY41juyAn2K3Q1hLLTg==",
      "requires": {
        "asap": "~2.0.3"
      }
    },
    "prop-types": {
      "version": "15.7.2",
      "resolved": "https://registry.npmjs.org/prop-types/-/prop-types-15.7.2.tgz",
      "integrity": "sha512-8QQikdH7//R2vurIJSutZ1smHYTcLpRWEOlHnzcWHmBYrOGUysKwSsrC89BCiFj3CbrfJ/nXFdJepOVrY1GCHQ==",
      "requires": {
        "loose-envify": "^1.4.0",
        "object-assign": "^4.1.1",
        "react-is": "^16.8.1"
      }
    },
    "react": {
      "version": "16.13.0",
      "resolved": "https://registry.npmjs.org/react/-/react-16.13.0.tgz",
      "integrity": "sha512-TSavZz2iSLkq5/oiE7gnFzmURKZMltmi193rm5HEoUDAXpzT9Kzw6oNZnGoai/4+fUnm7FqS5dwgUL34TujcWQ==",
      "requires": {
        "loose-envify": "^1.1.0",
        "object-assign": "^4.1.1",
        "prop-types": "^15.6.2"
      }
    },
    "react-dom": {
      "version": "16.13.0",
      "resolved": "https://registry.npmjs.org/react-dom/-/react-dom-16.13.0.tgz",
      "integrity": "sha512-y09d2c4cG220DzdlFkPTnVvGTszVvNpC73v+AaLGLHbkpy3SSgvYq8x0rNwPJ/Rk/CicTNgk0hbHNw1gMEZAXg==",
      "requires": {
        "loose-envify": "^1.1.0",
        "object-assign": "^4.1.1",
        "prop-types": "^15.6.2",
        "scheduler": "^0.19.0"
      }
    },
    "react-flip-move": {
      "version": "3.0.3",
      "resolved": "https://registry.npmjs.org/react-flip-move/-/react-flip-move-3.0.3.tgz",
      "integrity": "sha512-gR2jvjUgIXI7ceFWJkr8owX4vKhV0IJoXIf/Dt7gESFe5OKiSz2H6d10mKTW8fN134NDI16J4HgEgq9pKqJd5A=="
    },
    "react-highlight.js": {
      "version": "1.0.7",
      "resolved": "https://registry.npmjs.org/react-highlight.js/-/react-highlight.js-1.0.7.tgz",
      "integrity": "sha512-OVPKnV0ZvU+V//HExwbV8M9CWy49Eo/9y9pBN2OsNWUFPN6dE4YZBLmJW/5sM2DxI5v/QQLyxOnTnSSfGCP+9Q==",
      "requires": {
        "highlight.js": "^9.3.0",
        "prop-types": "^15.6.0"
      }
    },
    "react-is": {
      "version": "16.13.1",
      "resolved": "https://registry.npmjs.org/react-is/-/react-is-16.13.1.tgz",
      "integrity": "sha512-24e6ynE2H+OKt4kqsOvNd8kBpV65zoxbA4BVsEOB3ARVWQki/DHzaUoC5KuON/BiccDaCCTZBuOcfZs70kR8bQ=="
    },
    "require-directory": {
      "version": "2.1.1",
      "resolved": "https://registry.npmjs.org/require-directory/-/require-directory-2.1.1.tgz",
      "integrity": "sha1-jGStX9MNqxyXbiNE/+f3kqam30I="
    },
    "require-main-filename": {
      "version": "2.0.0",
      "resolved": "https://registry.npmjs.org/require-main-filename/-/require-main-filename-2.0.0.tgz",
      "integrity": "sha512-NKN5kMDylKuldxYLSUfrbo5Tuzh4hd+2E8NPPX02mZtn1VuREQToYe/ZdlJy+J3uCpfaiGF05e7B8W0iXbQHmg=="
    },
    "resolve": {
      "version": "1.17.0",
      "resolved": "https://registry.npmjs.org/resolve/-/resolve-1.17.0.tgz",
      "integrity": "sha512-ic+7JYiV8Vi2yzQGFWOkiZD5Z9z7O2Zhm9XMaTxdJExKasieFCr+yXZ/WmXsckHiKl12ar0y6XiXDx3m4RHn1w==",
      "requires": {
        "path-parse": "^1.0.6"
      }
    },
    "rw": {
      "version": "1.3.3",
      "resolved": "https://registry.npmjs.org/rw/-/rw-1.3.3.tgz",
      "integrity": "sha1-P4Yt+pGrdmsUiF700BEkv9oHT7Q="
    },
    "safer-buffer": {
      "version": "2.1.2",
      "resolved": "https://registry.npmjs.org/safer-buffer/-/safer-buffer-2.1.2.tgz",
      "integrity": "sha512-YZo3K82SD7Riyi0E1EQPojLz7kpepnSQI9IyPbHHg1XXXevb5dJI7tpyN2ADxGcQbHG7vcyRHk0cbwqcQriUtg=="
    },
    "scheduler": {
      "version": "0.19.1",
      "resolved": "https://registry.npmjs.org/scheduler/-/scheduler-0.19.1.tgz",
      "integrity": "sha512-n/zwRWRYSUj0/3g/otKDRPMh6qv2SYMWNq85IEa8iZyAv8od9zDYpGSnpBEjNgcMNq6Scbu5KfIPxNF72R/2EA==",
      "requires": {
        "loose-envify": "^1.1.0",
        "object-assign": "^4.1.1"
      }
    },
    "semver": {
      "version": "6.3.0",
      "resolved": "https://registry.npmjs.org/semver/-/semver-6.3.0.tgz",
      "integrity": "sha512-b39TBaTSfV6yBrapU89p5fKekE2m/NwnDocOVruQFS1/veMgdzuPcnOM34M6CwxW8jH/lxEa5rBoDeUwu5HHTw=="
    },
    "set-blocking": {
      "version": "2.0.0",
      "resolved": "https://registry.npmjs.org/set-blocking/-/set-blocking-2.0.0.tgz",
      "integrity": "sha1-BF+XgtARrppoA93TgrJDkrPYkPc="
    },
    "setimmediate": {
      "version": "1.0.5",
      "resolved": "https://registry.npmjs.org/setimmediate/-/setimmediate-1.0.5.tgz",
      "integrity": "sha1-KQy7Iy4waULX1+qbg3Mqt4VvgoU="
    },
    "string-width": {
      "version": "3.1.0",
      "resolved": "https://registry.npmjs.org/string-width/-/string-width-3.1.0.tgz",
      "integrity": "sha512-vafcv6KjVZKSgz06oM/H6GDBrAtz8vdhQakGjFIvNrHA6y3HCF1CInLy+QLq8dTJPQ1b+KDUqDFctkdRW44e1w==",
      "requires": {
        "emoji-regex": "^7.0.1",
        "is-fullwidth-code-point": "^2.0.0",
        "strip-ansi": "^5.1.0"
      }
    },
    "strip-ansi": {
      "version": "5.2.0",
      "resolved": "https://registry.npmjs.org/strip-ansi/-/strip-ansi-5.2.0.tgz",
      "integrity": "sha512-DuRs1gKbBqsMKIZlrffwlug8MHkcnpjs5VPmL1PAh+mA30U0DTotfDZ0d2UUsXpPmPmMMJ6W773MaA3J+lbiWA==",
      "requires": {
        "ansi-regex": "^4.1.0"
      }
    },
    "topojson-client": {
      "version": "3.1.0",
      "resolved": "https://registry.npmjs.org/topojson-client/-/topojson-client-3.1.0.tgz",
      "integrity": "sha512-605uxS6bcYxGXw9qi62XyrV6Q3xwbndjachmNxu8HWTtVPxZfEJN9fd/SZS1Q54Sn2y0TMyMxFj/cJINqGHrKw==",
      "requires": {
        "commander": "2"
      }
    },
    "tslib": {
      "version": "1.10.0",
      "resolved": "https://registry.npmjs.org/tslib/-/tslib-1.10.0.tgz",
      "integrity": "sha512-qOebF53frne81cf0S9B41ByenJ3/IuH8yJKngAX35CmiZySA0khhkovshKK+jGCaMnVomla7gVlIcc3EvKPbTQ=="
    },
    "ua-parser-js": {
      "version": "0.7.21",
      "resolved": "https://registry.npmjs.org/ua-parser-js/-/ua-parser-js-0.7.21.tgz",
      "integrity": "sha512-+O8/qh/Qj8CgC6eYBVBykMrNtp5Gebn4dlGD/kKXVkJNDwyrAwSIqwz8CDf+tsAIWVycKcku6gIXJ0qwx/ZXaQ=="
    },
    "vega": {
      "version": "5.13.0",
      "resolved": "https://registry.npmjs.org/vega/-/vega-5.13.0.tgz",
      "integrity": "sha512-3X6ptCqQrfYg1xdy6rCkywKXOiIQIIJBFESV5JJOXaqm1ye9LRD3NOmZukqenLJXlg6aaPbP6kFFqpjBzmAefg==",
      "requires": {
        "vega-crossfilter": "~4.0.2",
        "vega-dataflow": "~5.7.0",
        "vega-encode": "~4.8.0",
        "vega-event-selector": "~2.0.3",
        "vega-expression": "~2.6.5",
        "vega-force": "~4.0.4",
        "vega-format": "~1.0.1",
        "vega-functions": "~5.7.1",
        "vega-geo": "~4.3.4",
        "vega-hierarchy": "~4.0.6",
        "vega-loader": "~4.3.0",
        "vega-parser": "~6.0.2",
        "vega-projection": "~1.4.2",
        "vega-regression": "~1.0.6",
        "vega-runtime": "~6.1.0",
        "vega-scale": "~7.0.0",
        "vega-scenegraph": "~4.8.3",
        "vega-statistics": "~1.7.6",
        "vega-time": "~2.0.1",
        "vega-transforms": "~4.9.0",
        "vega-typings": "~0.18.0",
        "vega-util": "~1.14.1",
        "vega-view": "~5.8.0",
        "vega-view-transforms": "~4.5.5",
        "vega-voronoi": "~4.1.2",
        "vega-wordcloud": "~4.1.0"
      }
    },
    "vega-canvas": {
      "version": "1.2.2",
      "resolved": "https://registry.npmjs.org/vega-canvas/-/vega-canvas-1.2.2.tgz",
      "integrity": "sha512-39h8/fZp4kDwSeDGIEoyEiIgtP3mgY3D08InD1Ldm0FntePpSe1tXzC1zcvoLe/+f7Qprl6Jfwux/ksOXvpj2w=="
    },
    "vega-crossfilter": {
      "version": "4.0.2",
      "resolved": "https://registry.npmjs.org/vega-crossfilter/-/vega-crossfilter-4.0.2.tgz",
      "integrity": "sha512-wlKpqBEUpDd/Y3aaC1u91lebXR+sS7LElYv2jGDDG5pA+RS8lRo3NmSClKVBM5NcY80IeMywG+0a/ogzVeBrPQ==",
      "requires": {
        "d3-array": "^2.4.0",
        "vega-dataflow": "^5.5.1",
        "vega-util": "^1.13.2"
      }
    },
    "vega-dataflow": {
      "version": "5.7.0",
      "resolved": "https://registry.npmjs.org/vega-dataflow/-/vega-dataflow-5.7.0.tgz",
      "integrity": "sha512-W8Q6NBCmk3TCDjTiy/I2PA4JTQljqp3XF6227CiCvZfhmCZCeHchuZKrgwJUBVZ2CoqT+UL2JpCi1SFzrPObIQ==",
      "requires": {
        "vega-format": "^1.0.0",
        "vega-loader": "^4.3.0",
        "vega-util": "^1.14.0"
      }
    },
    "vega-embed": {
      "version": "4.2.5",
      "resolved": "https://registry.npmjs.org/vega-embed/-/vega-embed-4.2.5.tgz",
      "integrity": "sha512-3iUv5oU5y/sa7jC+shw79hPmHMpWMhMTGSovtl3+O98hLq7LQgordWKgoxKcqwhSIHMIgj+cInTNPWM4kru7Ug==",
      "requires": {
        "d3-selection": "^1.4.0",
        "json-stringify-pretty-compact": "^2.0.0",
        "semver": "^6.3.0",
        "vega-schema-url-parser": "^1.1.0",
        "vega-themes": "^2.3.2",
        "vega-tooltip": "^0.18.1"
      }
    },
    "vega-encode": {
      "version": "4.8.0",
      "resolved": "https://registry.npmjs.org/vega-encode/-/vega-encode-4.8.0.tgz",
      "integrity": "sha512-1OYYblMu9oyhuRIiFRK+R7/ChwXn3ckWyl6omK5Q46vkeLZhafBNb8ZdqftPoM/5BnZUTpia0SQ06AGX8VDjHw==",
      "requires": {
        "d3-array": "^2.4.0",
        "d3-interpolate": "^1.4.0",
        "vega-dataflow": "^5.7.0",
        "vega-scale": "^7.0.0",
        "vega-util": "^1.14.0"
      }
    },
    "vega-event-selector": {
      "version": "2.0.3",
      "resolved": "https://registry.npmjs.org/vega-event-selector/-/vega-event-selector-2.0.3.tgz",
      "integrity": "sha512-rUnAvBSy5tkk+0MELY7qICTgjMNjH/DDNIH603q3GRi+bBRCd4MlJxWrPYBhwZIYpmr6XCe130lZ90/F5SgVfA=="
    },
    "vega-expression": {
      "version": "2.6.5",
      "resolved": "https://registry.npmjs.org/vega-expression/-/vega-expression-2.6.5.tgz",
      "integrity": "sha512-3hJts0gKomu3ePXYeIb+VAw7yNKoHJ6VqSKsHHFPyoEGNdwmlgI5d9IBblelPCiMCHK4sMt7h1OTWB33cfxZGA==",
      "requires": {
        "vega-util": "^1.14.0"
      }
    },
    "vega-force": {
      "version": "4.0.4",
      "resolved": "https://registry.npmjs.org/vega-force/-/vega-force-4.0.4.tgz",
      "integrity": "sha512-ETTezb3lpQIbrk8pdmv4WpoNlChWdIK1Hv5CHL8Q/oOT/lIop/NHnI+JZO4yuzaYv+o3UqNWPcjiY0U5/i51dw==",
      "requires": {
        "d3-force": "^2.0.1",
        "vega-dataflow": "^5.5.1",
        "vega-util": "^1.13.2"
      }
    },
    "vega-format": {
      "version": "1.0.1",
      "resolved": "https://registry.npmjs.org/vega-format/-/vega-format-1.0.1.tgz",
      "integrity": "sha512-f9IZ+SDHVFFneDDc+d8RfeJhXXvUgquAuM+1MZ2Rjf4xqpg+E8FSNQkh8wjeo82mc6G3KVa9hynSdfN/a0AktQ==",
      "requires": {
        "d3-array": "^2.4.0",
        "d3-format": "^1.4.4",
        "d3-time-format": "^2.2.3",
        "vega-time": "^2.0.0",
        "vega-util": "^1.14.0"
      }
    },
    "vega-functions": {
      "version": "5.7.1",
      "resolved": "https://registry.npmjs.org/vega-functions/-/vega-functions-5.7.1.tgz",
      "integrity": "sha512-PQUcRkLAJwiRK+Y2o8MZdHJOHZwGcIYKvnYZnes2IY5433lhKYL7b1DmwQhUqyHyKCudqlz/pRnoLpmuL8sAgg==",
      "requires": {
        "d3-array": "^2.4.0",
        "d3-color": "^1.4.1",
        "d3-geo": "^1.12.1",
        "vega-dataflow": "^5.7.0",
        "vega-expression": "^2.6.5",
        "vega-scale": "^7.0.0",
        "vega-scenegraph": "^4.8.0",
        "vega-selections": "^5.1.1",
        "vega-statistics": "^1.7.5",
        "vega-time": "^2.0.1",
        "vega-util": "^1.14.0"
      }
    },
    "vega-geo": {
      "version": "4.3.4",
      "resolved": "https://registry.npmjs.org/vega-geo/-/vega-geo-4.3.4.tgz",
      "integrity": "sha512-sfMK1XGCLzMnfmy7fBJ2D+h8NG5WDwnSiPvcsjgwwAyonlUgCZWKdrNouAyLaRODy5ICZUEj/GDILSBdlIfUCg==",
      "requires": {
        "d3-array": "^2.4.0",
        "d3-color": "^1.4.1",
        "d3-geo": "^1.12.1",
        "vega-canvas": "^1.2.2",
        "vega-dataflow": "^5.6.0",
        "vega-projection": "^1.4.2",
        "vega-statistics": "^1.7.5",
        "vega-util": "^1.14.0"
      }
    },
    "vega-hierarchy": {
      "version": "4.0.6",
      "resolved": "https://registry.npmjs.org/vega-hierarchy/-/vega-hierarchy-4.0.6.tgz",
      "integrity": "sha512-v71NQzz9503aBJgRPnrBEZ/87q58EjwylmAs3uh+SaI5ocMCn9+goE+x5ZwZ0gNT9qJv4Umm5L3GZ9h8LuXjlg==",
      "requires": {
        "d3-hierarchy": "^1.1.9",
        "vega-dataflow": "^5.5.1",
        "vega-util": "^1.13.2"
      }
    },
    "vega-lite": {
      "version": "3.4.0",
      "resolved": "https://registry.npmjs.org/vega-lite/-/vega-lite-3.4.0.tgz",
      "integrity": "sha512-RJg9uBNh5g0hA8xTzAcALUfNx0cEq7E7xx+vxPEGSMgI8z+A5KlE9u4jUx6nKu7Mjg1qZO8WOyWCmBS1kdFWPg==",
      "requires": {
        "@types/clone": "~0.1.30",
        "@types/fast-json-stable-stringify": "^2.0.0",
        "clone": "~2.1.2",
        "fast-deep-equal": "~2.0.1",
        "fast-json-stable-stringify": "~2.0.0",
        "json-stringify-pretty-compact": "~2.0.0",
        "tslib": "~1.10.0",
        "vega-event-selector": "~2.0.0",
        "vega-expression": "~2.6.0",
        "vega-typings": "0.7.2",
        "vega-util": "~1.10.0",
        "yargs": "~13.3.0"
      },
      "dependencies": {
        "vega-typings": {
          "version": "0.7.2",
          "resolved": "https://registry.npmjs.org/vega-typings/-/vega-typings-0.7.2.tgz",
          "integrity": "sha512-BReB2qRERA/Ke+QoxKDQ7fES25A9Q3qKRm1CJxwvpLGhAl4k5cGDORx6yW+J3rFHMzpJlmdRM+kb489EuphxZQ==",
          "requires": {
            "vega-util": "^1.10.0"
          }
        },
        "vega-util": {
          "version": "1.10.0",
          "resolved": "https://registry.npmjs.org/vega-util/-/vega-util-1.10.0.tgz",
          "integrity": "sha512-fTGnTG7FhtTG9tiYDL3k5s8YHqB71Ml5+aC9B7eaBygeB8GKXBrcbTXLOzoCRxT3Jr5cRhr99PMBu0AkqmhBog=="
        }
      }
    },
    "vega-loader": {
      "version": "4.3.0",
      "resolved": "https://registry.npmjs.org/vega-loader/-/vega-loader-4.3.0.tgz",
      "integrity": "sha512-XrwwJ1xWnsVS2N2M4vdvzieUdXWegdD31t04sCPQ5C3US58NYlq1ho1Md+5FVrtl0uCd0wG/mk700Jp7yPhN+w==",
      "requires": {
        "d3-dsv": "^1.2.0",
        "node-fetch": "^2.6.0",
        "topojson-client": "^3.1.0",
        "vega-format": "^1.0.0",
        "vega-util": "^1.14.0"
      },
      "dependencies": {
        "node-fetch": {
          "version": "2.6.0",
          "resolved": "https://registry.npmjs.org/node-fetch/-/node-fetch-2.6.0.tgz",
          "integrity": "sha512-8dG4H5ujfvFiqDmVu9fQ5bOHUC15JMjMY/Zumv26oOvvVJjM67KF8koCWIabKQ1GJIa9r2mMZscBq/TbdOcmNA=="
        }
      }
    },
    "vega-parser": {
      "version": "6.0.2",
      "resolved": "https://registry.npmjs.org/vega-parser/-/vega-parser-6.0.2.tgz",
      "integrity": "sha512-3337WvsUuuYZ0+H7ew4uZFgn82QWoaWv/9uinlMOH7ncnu8qTuWt4nV3WoUX9RFqie38qIMw/mf6+HK5gfXBoQ==",
      "requires": {
        "vega-dataflow": "^5.6.0",
        "vega-event-selector": "^2.0.3",
        "vega-functions": "^5.7.0",
        "vega-scale": "^7.0.0",
        "vega-util": "^1.14.0"
      }
    },
    "vega-projection": {
      "version": "1.4.2",
      "resolved": "https://registry.npmjs.org/vega-projection/-/vega-projection-1.4.2.tgz",
      "integrity": "sha512-eULwc/8TMVjFkGtIVF5IGpJzEksnS0ccbaaCH9QjHtQTyBaR2CA679r5/98x6ur7ZLaYgcm2o082kjReUoyncA==",
      "requires": {
        "d3-geo": "^1.12.1",
        "d3-geo-projection": "^2.9.0"
      }
    },
    "vega-regression": {
      "version": "1.0.6",
      "resolved": "https://registry.npmjs.org/vega-regression/-/vega-regression-1.0.6.tgz",
      "integrity": "sha512-s4kjsKp23WvDJDHkpIrGNUaLI3/95k6nTURj9RDtM4C6CbUgO2snIaEfki4JfOCnBYtvotwDuZgXKmJInu9hVw==",
      "requires": {
        "d3-array": "^2.4.0",
        "vega-dataflow": "^5.5.1",
        "vega-statistics": "^1.7.4",
        "vega-util": "^1.13.2"
      }
    },
    "vega-runtime": {
      "version": "6.1.0",
      "resolved": "https://registry.npmjs.org/vega-runtime/-/vega-runtime-6.1.0.tgz",
      "integrity": "sha512-wKzymOtUsselAIJZbiC/88zVgeuhB1lHZTdPN7IrB2o1qgxF50DdDa7eNUpKrkFJ2DK6gCJ8JlqLtM3QVr3iXQ==",
      "requires": {
        "vega-dataflow": "^5.7.0",
        "vega-util": "^1.14.0"
      }
    },
    "vega-scale": {
      "version": "7.0.0",
      "resolved": "https://registry.npmjs.org/vega-scale/-/vega-scale-7.0.0.tgz",
      "integrity": "sha512-3oQAQYLRk+PIs6aF6kdb7tbhm5IpxNiwdFVM9fNS+SSsii6v8kFC681EuUMqLVZOHELiklWIE1rZIHaB5dNRXg==",
      "requires": {
        "d3-array": "^2.4.0",
        "d3-interpolate": "^1.4.0",
        "d3-scale": "^3.2.1",
        "vega-time": "^2.0.0",
        "vega-util": "^1.14.0"
      }
    },
    "vega-scenegraph": {
      "version": "4.8.3",
      "resolved": "https://registry.npmjs.org/vega-scenegraph/-/vega-scenegraph-4.8.3.tgz",
      "integrity": "sha512-2GznqXm/py7/XX9juohFbLYQTKxHY5VNRZLHc0bL35Nd7lShKeOlHY9uVkHw2FoLLCz78UcXFminWM8lddvGxw==",
      "requires": {
        "d3-path": "^1.0.9",
        "d3-shape": "^1.3.7",
        "vega-canvas": "^1.2.2",
        "vega-loader": "^4.3.0",
        "vega-scale": "^7.0.0",
        "vega-util": "^1.14.0"
      }
    },
    "vega-schema-url-parser": {
      "version": "1.1.0",
      "resolved": "https://registry.npmjs.org/vega-schema-url-parser/-/vega-schema-url-parser-1.1.0.tgz",
      "integrity": "sha512-Tc85J2ofMZZOsxiqDM9sbvfsa+Vdo3GwNLjEEsPOsCDeYqsUHKAlc1IpbbhPLZ6jusyM9Lk0e1izF64GGklFDg=="
    },
    "vega-selections": {
      "version": "5.1.1",
      "resolved": "https://registry.npmjs.org/vega-selections/-/vega-selections-5.1.1.tgz",
      "integrity": "sha512-ztZUMfDicuIGJHZimSdVvMGzMvaa37ICzUHHvwxS51OhYv096dzKgoSypjx+tsmR7wnhY7ZL+iQgpT1/O29jlA==",
      "requires": {
        "vega-expression": "^2.6.4",
        "vega-util": "^1.13.2"
      }
    },
    "vega-spec-injector": {
      "version": "0.0.2",
      "resolved": "https://registry.npmjs.org/vega-spec-injector/-/vega-spec-injector-0.0.2.tgz",
      "integrity": "sha512-wOMMqmpssn0/ZFPW7wl1v26vbseRX7zHPWzEyS9TwNXTRCu1TcjIBIR+X23lCWocxhoBqFxmqyn8UowMhlGtAg=="
    },
    "vega-statistics": {
      "version": "1.7.6",
      "resolved": "https://registry.npmjs.org/vega-statistics/-/vega-statistics-1.7.6.tgz",
      "integrity": "sha512-w6z5t4p1zYNSvsg3lln4TZakxXlH/tM0w5WAP1EXLYrCYRw0F/SvxqLQ+WqEZVnI/WGQDq2v5xMAn0WvHJ/kUg==",
      "requires": {
        "d3-array": "^2.4.0"
      }
    },
    "vega-themes": {
      "version": "2.8.5",
      "resolved": "https://registry.npmjs.org/vega-themes/-/vega-themes-2.8.5.tgz",
      "integrity": "sha512-DqNVHZyOtyxsgEy97wfQORw11gDCWR7SIRXyDlqmiwKTLu7Jm+PdOZdw7fNbg0jozywhsPnl0itOj3k9c74CPg=="
    },
    "vega-time": {
      "version": "2.0.1",
      "resolved": "https://registry.npmjs.org/vega-time/-/vega-time-2.0.1.tgz",
      "integrity": "sha512-Ij0gmABKDRKAMUTh/1AGSSkU6ocWiteLkIK/cmcnt98u8LiuVcFT5w7gusd0+ibO9EooeMKazn5xPmjvQs0qEg==",
      "requires": {
        "d3-array": "^2.4.0",
        "d3-time": "^1.1.0",
        "vega-util": "^1.14.0"
      }
    },
    "vega-tooltip": {
      "version": "0.18.1",
      "resolved": "https://registry.npmjs.org/vega-tooltip/-/vega-tooltip-0.18.1.tgz",
      "integrity": "sha512-g/i69QLTVhGeHNT8k646Qr8SFss9kbnt6XmU9ujjqgaW5B/p1FPUrMzFh/88rMF704EHYyBH7Aj3t0ds1cCHbQ==",
      "requires": {
        "vega-util": "^1.10.0"
      }
    },
    "vega-transforms": {
      "version": "4.9.0",
      "resolved": "https://registry.npmjs.org/vega-transforms/-/vega-transforms-4.9.0.tgz",
      "integrity": "sha512-xsgvkHsyKgEWdCB86DVts2Zu6fJ+cGjpc56MpcCWPArNuhcUSugivIoTAFAh8w7QempQBsAtnPrnbaytMYOJ8w==",
      "requires": {
        "d3-array": "^2.4.0",
        "vega-dataflow": "^5.7.0",
        "vega-statistics": "^1.7.5",
        "vega-time": "^2.0.1",
        "vega-util": "^1.14.0"
      }
    },
    "vega-typings": {
      "version": "0.18.0",
      "resolved": "https://registry.npmjs.org/vega-typings/-/vega-typings-0.18.0.tgz",
      "integrity": "sha512-uMSS7EEP8Q2gg4dN7D2xhi4S+dp/IQGTQp3VgieJx8ki8mrm0N43pdUC14nNYTtiUDxDdmup5nyj6JHuboKUmg==",
      "requires": {
        "vega-util": "^1.14.0"
      }
    },
    "vega-util": {
      "version": "1.14.1",
      "resolved": "https://registry.npmjs.org/vega-util/-/vega-util-1.14.1.tgz",
      "integrity": "sha512-pSKJ8OCkgfgHZDTljyj+gmGltgulceWbk1BV6LWrXqp6P3J8qPA/oZA8+a93YNApYxXZ3yzIVUDOo5O27xk0jw=="
    },
    "vega-view": {
      "version": "5.8.0",
      "resolved": "https://registry.npmjs.org/vega-view/-/vega-view-5.8.0.tgz",
      "integrity": "sha512-0H+m0olEYpadUq+3z35t6g6ozbr9AzpGqg8KOklHpe+rSmmaaItEF8B+eGr3Ut5i/+u0c7PKa6jEdVG61xbpGA==",
      "requires": {
        "d3-array": "^2.4.0",
        "d3-timer": "^1.0.10",
        "vega-dataflow": "^5.7.0",
        "vega-format": "^1.0.1",
        "vega-functions": "^5.7.1",
        "vega-runtime": "^6.1.0",
        "vega-scenegraph": "^4.8.3",
        "vega-util": "^1.14.0"
      }
    },
    "vega-view-transforms": {
      "version": "4.5.5",
      "resolved": "https://registry.npmjs.org/vega-view-transforms/-/vega-view-transforms-4.5.5.tgz",
      "integrity": "sha512-HFTA6j2zFKRlfBlS6b9tmLLDNt7g78ZoyKFAT9fCm3X0KLT6FTn13PiiB4KppMg40nwgm0c2KUQmjnC6fGgIdQ==",
      "requires": {
        "vega-dataflow": "^5.6.0",
        "vega-scenegraph": "^4.8.0",
        "vega-util": "^1.14.0"
      }
    },
    "vega-voronoi": {
      "version": "4.1.2",
      "resolved": "https://registry.npmjs.org/vega-voronoi/-/vega-voronoi-4.1.2.tgz",
      "integrity": "sha512-XXp2UChi4/6jkEqWkLFbjDBVLMizQICWDv4RUkfMeDNhWmhEY/3kPHCU6taqfTVkbxfA7aN20ivbakJzoywiAQ==",
      "requires": {
        "d3-delaunay": "^5.2.1",
        "vega-dataflow": "^5.5.1",
        "vega-util": "^1.13.2"
      }
    },
    "vega-wordcloud": {
      "version": "4.1.0",
      "resolved": "https://registry.npmjs.org/vega-wordcloud/-/vega-wordcloud-4.1.0.tgz",
      "integrity": "sha512-WiISiNlHdbTL6QsnxyzxbniUgcPmjzwdwZzu6clQSHXNRz9kThCPhXOyLwYdbFV+9sjd4sJlW0YOaCcx7wMT2Q==",
      "requires": {
        "vega-canvas": "^1.2.2",
        "vega-dataflow": "^5.6.0",
        "vega-scale": "^7.0.0",
        "vega-statistics": "^1.7.5",
        "vega-util": "^1.14.0"
      }
    },
    "whatwg-fetch": {
      "version": "3.2.0",
      "resolved": "https://registry.npmjs.org/whatwg-fetch/-/whatwg-fetch-3.2.0.tgz",
      "integrity": "sha512-SdGPoQMMnzVYThUbSrEvqTlkvC1Ux27NehaJ/GUHBfNrh5Mjg+1/uRyFMwVnxO2MrikMWvWAqUGgQOfVU4hT7w=="
    },
    "which-module": {
      "version": "2.0.0",
      "resolved": "https://registry.npmjs.org/which-module/-/which-module-2.0.0.tgz",
      "integrity": "sha1-2e8H3Od7mQK4o6j6SzHD4/fm6Ho="
    },
    "wrap-ansi": {
      "version": "5.1.0",
      "resolved": "https://registry.npmjs.org/wrap-ansi/-/wrap-ansi-5.1.0.tgz",
      "integrity": "sha512-QC1/iN/2/RPVJ5jYK8BGttj5z83LmSKmvbvrXPNCLZSEb32KKVDJDl/MOt2N01qU2H/FkzEa9PKto1BqDjtd7Q==",
      "requires": {
        "ansi-styles": "^3.2.0",
        "string-width": "^3.0.0",
        "strip-ansi": "^5.0.0"
      }
    },
    "xmlhttprequest": {
      "version": "1.8.0",
      "resolved": "https://registry.npmjs.org/xmlhttprequest/-/xmlhttprequest-1.8.0.tgz",
      "integrity": "sha1-Z/4HXFwk/vOfnWX197f+dRcZaPw=",
      "dev": true
    },
    "y18n": {
      "version": "4.0.1",
      "resolved": "https://registry.npmjs.org/y18n/-/y18n-4.0.1.tgz",
      "integrity": "sha512-wNcy4NvjMYL8gogWWYAO7ZFWFfHcbdbE57tZO8e4cbpj8tfUcwrwqSl3ad8HxpYWCdXcJUCeKKZS62Av1affwQ=="
    },
    "yargs": {
      "version": "13.3.2",
      "resolved": "https://registry.npmjs.org/yargs/-/yargs-13.3.2.tgz",
      "integrity": "sha512-AX3Zw5iPruN5ie6xGRIDgqkT+ZhnRlZMLMHAs8tg7nRruy2Nb+i5o9bwghAogtM08q1dpr2LVoS8KSTMYpWXUw==",
      "requires": {
        "cliui": "^5.0.0",
        "find-up": "^3.0.0",
        "get-caller-file": "^2.0.1",
        "require-directory": "^2.1.1",
        "require-main-filename": "^2.0.0",
        "set-blocking": "^2.0.0",
        "string-width": "^3.0.0",
        "which-module": "^2.0.0",
        "y18n": "^4.0.0",
        "yargs-parser": "^13.1.2"
      }
    },
    "yargs-parser": {
      "version": "13.1.2",
      "resolved": "https://registry.npmjs.org/yargs-parser/-/yargs-parser-13.1.2.tgz",
      "integrity": "sha512-3lbsNRf/j+A4QuSZfDRA7HRSfWrzO0YjqTJd5kjAq37Zep1CEgaYmrH9Q3GwPiB9cHyd1Y1UwggGhJGoxipbzg==",
      "requires": {
        "camelcase": "^5.0.0",
        "decamelize": "^1.2.0"
      }
    }
  }
}
